
Microsoft Visual Studio Solution File, Format Version 12.00
# Visual Studio Version 16
VisualStudioVersion = 16.0.31005.135
MinimumVisualStudioVersion = 10.0.40219.1
Project("{9A19103F-16F7-4668-BE54-9A1E7A4F7556}") = "DAndRElectronics", "DAndRElectronics\DAndRElectronics.csproj", "{E1CDC2FE-5822-4EEA-8784-3D6FB0047B18}"
EndProject
Project("{9A19103F-16F7-4668-BE54-9A1E7A4F7556}") = "EngineeringTesting", "Testing\EngineeringTesting.csproj", "{3DF3D41D-F673-4271-A5A2-41E175E14CED}"
EndProject
Project("{FAE04EC0-301F-11D3-BF4B-00C04F79EFBC}") = "PatternEditor", "PatternEditor\PatternEditor.csproj", "{3DE7F77D-F5D2-4F62-B230-258FCC87B330}"
EndProject
Project("{FAE04EC0-301F-11D3-BF4B-00C04F79EFBC}") = "Common", "Common\Common.csproj", "{11C51812-FFD1-4F76-9551-56A0DA7753A3}"
EndProject
Global
	GlobalSection(SolutionConfigurationPlatforms) = preSolution
		Debug|Any CPU = Debug|Any CPU
		Release|Any CPU = Release|Any CPU
	EndGlobalSection
	GlobalSection(ProjectConfigurationPlatforms) = postSolution
		{E1CDC2FE-5822-4EEA-8784-3D6FB0047B18}.Debug|Any CPU.ActiveCfg = Debug|Any CPU
		{E1CDC2FE-5822-4EEA-8784-3D6FB0047B18}.Debug|Any CPU.Build.0 = Debug|Any CPU
		{E1CDC2FE-5822-4EEA-8784-3D6FB0047B18}.Release|Any CPU.ActiveCfg = Release|Any CPU
		{E1CDC2FE-5822-4EEA-8784-3D6FB0047B18}.Release|Any CPU.Build.0 = Release|Any CPU
		{3DF3D41D-F673-4271-A5A2-41E175E14CED}.Debug|Any CPU.ActiveCfg = Debug|Any CPU
		{3DF3D41D-F673-4271-A5A2-41E175E14CED}.Debug|Any CPU.Build.0 = Debug|Any CPU
		{3DF3D41D-F673-4271-A5A2-41E175E14CED}.Release|Any CPU.ActiveCfg = Release|Any CPU
		{3DF3D41D-F673-4271-A5A2-41E175E14CED}.Release|Any CPU.Build.0 = Release|Any CPU
		{3DE7F77D-F5D2-4F62-B230-258FCC87B330}.Debug|Any CPU.ActiveCfg = Debug|Any CPU
		{3DE7F77D-F5D2-4F62-B230-258FCC87B330}.Debug|Any CPU.Build.0 = Debug|Any CPU
		{3DE7F77D-F5D2-4F62-B230-258FCC87B330}.Release|Any CPU.ActiveCfg = Release|Any CPU
		{3DE7F77D-F5D2-4F62-B230-258FCC87B330}.Release|Any CPU.Build.0 = Release|Any CPU
		{11C51812-FFD1-4F76-9551-56A0DA7753A3}.Debug|Any CPU.ActiveCfg = Debug|Any CPU
		{11C51812-FFD1-4F76-9551-56A0DA7753A3}.Debug|Any CPU.Build.0 = Debug|Any CPU
		{11C51812-FFD1-4F76-9551-56A0DA7753A3}.Release|Any CPU.ActiveCfg = Release|Any CPU
		{11C51812-FFD1-4F76-9551-56A0DA7753A3}.Release|Any CPU.Build.0 = Release|Any CPU
	EndGlobalSection
	GlobalSection(SolutionProperties) = preSolution
		HideSolutionNode = FALSE
	EndGlobalSection
	GlobalSection(ExtensibilityGlobals) = postSolution
		SolutionGuid = {AFD95DC5-D794-4DB4-AEEB-96D5602E8303}
	EndGlobalSection
EndGlobal
